
Microsoft Visual Studio Solution File, Format Version 12.00
# Visual Studio Express 2012 for Web
Project("{FAE04EC0-301F-11D3-BF4B-00C04F79EFBC}") = "order.web", "order.web\order.web.csproj", "{6EB8BBD0-0DAF-46B0-8274-68514FF3552C}"
EndProject
Project("{CC5FD16D-436D-48AD-A40C-5A424C6E3E79}") = "order.web.Azure", "order.web.Azure\order.web.Azure.ccproj", "{A5B895FA-9D57-4A63-A535-C033AEA2303C}"
EndProject
Project("{FAE04EC0-301F-11D3-BF4B-00C04F79EFBC}") = "order.model", "order.model\order.model.csproj", "{631C2CB5-D785-4FB5-84EC-4D7826B89BAA}"
EndProject
Project("{FAE04EC0-301F-11D3-BF4B-00C04F79EFBC}") = "order.data", "order.data\order.data.csproj", "{ADB79070-7A26-4D56-9C5C-DA708A6ABA8B}"
EndProject
Project("{FAE04EC0-301F-11D3-BF4B-00C04F79EFBC}") = "order.data.contract", "order.data.contract\order.data.contract.csproj", "{9F6BE4E8-8BFC-4271-AAA4-C396255A5D42}"
EndProject
Project("{2150E333-8FDC-42A3-9474-1A3956D46DE8}") = ".nuget", ".nuget", "{C42867E6-045E-4C12-B0D1-194118EBEDBF}"
	ProjectSection(SolutionItems) = preProject
		.nuget\packages.config = .nuget\packages.config
	EndProjectSection
EndProject
Project("{FAE04EC0-301F-11D3-BF4B-00C04F79EFBC}") = "order.model.specs", "order.model.specs\order.model.specs.csproj", "{260704C4-57B0-46D4-B88B-037752E060BA}"
EndProject
Project("{FAE04EC0-301F-11D3-BF4B-00C04F79EFBC}") = "order.snapshot", "order.snapshot\order.snapshot.csproj", "{5B8D4B78-1D71-492D-BCA9-D272588D522E}"
EndProject
Project("{FAE04EC0-301F-11D3-BF4B-00C04F79EFBC}") = "DomainEvents", "DomainEvents\DomainEvents.csproj", "{61F5360E-DBAD-48D7-AD76-CC661A121113}"
EndProject
Project("{FAE04EC0-301F-11D3-BF4B-00C04F79EFBC}") = "order.service", "order.service\order.service.csproj", "{1EF0F292-A443-423F-A5D6-3ED31A9375A8}"
EndProject
Project("{FAE04EC0-301F-11D3-BF4B-00C04F79EFBC}") = "order.service.contract", "order.service.contract\order.service.contract.csproj", "{6FFBC1CE-CD59-4C96-AE73-315AB8CEB147}"
EndProject
Global
	GlobalSection(SolutionConfigurationPlatforms) = preSolution
		Debug|Any CPU = Debug|Any CPU
		Release|Any CPU = Release|Any CPU
	EndGlobalSection
	GlobalSection(ProjectConfigurationPlatforms) = postSolution
		{6EB8BBD0-0DAF-46B0-8274-68514FF3552C}.Debug|Any CPU.ActiveCfg = Debug|Any CPU
		{6EB8BBD0-0DAF-46B0-8274-68514FF3552C}.Debug|Any CPU.Build.0 = Debug|Any CPU
		{6EB8BBD0-0DAF-46B0-8274-68514FF3552C}.Release|Any CPU.ActiveCfg = Release|Any CPU
		{6EB8BBD0-0DAF-46B0-8274-68514FF3552C}.Release|Any CPU.Build.0 = Release|Any CPU
		{A5B895FA-9D57-4A63-A535-C033AEA2303C}.Debug|Any CPU.ActiveCfg = Debug|Any CPU
		{A5B895FA-9D57-4A63-A535-C033AEA2303C}.Debug|Any CPU.Build.0 = Debug|Any CPU
		{A5B895FA-9D57-4A63-A535-C033AEA2303C}.Release|Any CPU.ActiveCfg = Release|Any CPU
		{A5B895FA-9D57-4A63-A535-C033AEA2303C}.Release|Any CPU.Build.0 = Release|Any CPU
		{631C2CB5-D785-4FB5-84EC-4D7826B89BAA}.Debug|Any CPU.ActiveCfg = Debug|Any CPU
		{631C2CB5-D785-4FB5-84EC-4D7826B89BAA}.Debug|Any CPU.Build.0 = Debug|Any CPU
		{631C2CB5-D785-4FB5-84EC-4D7826B89BAA}.Release|Any CPU.ActiveCfg = Release|Any CPU
		{631C2CB5-D785-4FB5-84EC-4D7826B89BAA}.Release|Any CPU.Build.0 = Release|Any CPU
		{ADB79070-7A26-4D56-9C5C-DA708A6ABA8B}.Debug|Any CPU.ActiveCfg = Debug|Any CPU
		{ADB79070-7A26-4D56-9C5C-DA708A6ABA8B}.Debug|Any CPU.Build.0 = Debug|Any CPU
		{ADB79070-7A26-4D56-9C5C-DA708A6ABA8B}.Release|Any CPU.ActiveCfg = Release|Any CPU
		{ADB79070-7A26-4D56-9C5C-DA708A6ABA8B}.Release|Any CPU.Build.0 = Release|Any CPU
		{9F6BE4E8-8BFC-4271-AAA4-C396255A5D42}.Debug|Any CPU.ActiveCfg = Debug|Any CPU
		{9F6BE4E8-8BFC-4271-AAA4-C396255A5D42}.Debug|Any CPU.Build.0 = Debug|Any CPU
		{9F6BE4E8-8BFC-4271-AAA4-C396255A5D42}.Release|Any CPU.ActiveCfg = Release|Any CPU
		{9F6BE4E8-8BFC-4271-AAA4-C396255A5D42}.Release|Any CPU.Build.0 = Release|Any CPU
		{260704C4-57B0-46D4-B88B-037752E060BA}.Debug|Any CPU.ActiveCfg = Debug|Any CPU
		{260704C4-57B0-46D4-B88B-037752E060BA}.Debug|Any CPU.Build.0 = Debug|Any CPU
		{260704C4-57B0-46D4-B88B-037752E060BA}.Release|Any CPU.ActiveCfg = Release|Any CPU
		{260704C4-57B0-46D4-B88B-037752E060BA}.Release|Any CPU.Build.0 = Release|Any CPU
		{5B8D4B78-1D71-492D-BCA9-D272588D522E}.Debug|Any CPU.ActiveCfg = Debug|Any CPU
		{5B8D4B78-1D71-492D-BCA9-D272588D522E}.Debug|Any CPU.Build.0 = Debug|Any CPU
		{5B8D4B78-1D71-492D-BCA9-D272588D522E}.Release|Any CPU.ActiveCfg = Release|Any CPU
		{5B8D4B78-1D71-492D-BCA9-D272588D522E}.Release|Any CPU.Build.0 = Release|Any CPU
		{61F5360E-DBAD-48D7-AD76-CC661A121113}.Debug|Any CPU.ActiveCfg = Debug|Any CPU
		{61F5360E-DBAD-48D7-AD76-CC661A121113}.Debug|Any CPU.Build.0 = Debug|Any CPU
		{61F5360E-DBAD-48D7-AD76-CC661A121113}.Release|Any CPU.ActiveCfg = Release|Any CPU
		{61F5360E-DBAD-48D7-AD76-CC661A121113}.Release|Any CPU.Build.0 = Release|Any CPU
		{1EF0F292-A443-423F-A5D6-3ED31A9375A8}.Debug|Any CPU.ActiveCfg = Debug|Any CPU
		{1EF0F292-A443-423F-A5D6-3ED31A9375A8}.Debug|Any CPU.Build.0 = Debug|Any CPU
		{1EF0F292-A443-423F-A5D6-3ED31A9375A8}.Release|Any CPU.ActiveCfg = Release|Any CPU
		{1EF0F292-A443-423F-A5D6-3ED31A9375A8}.Release|Any CPU.Build.0 = Release|Any CPU
		{6FFBC1CE-CD59-4C96-AE73-315AB8CEB147}.Debug|Any CPU.ActiveCfg = Debug|Any CPU
		{6FFBC1CE-CD59-4C96-AE73-315AB8CEB147}.Debug|Any CPU.Build.0 = Debug|Any CPU
		{6FFBC1CE-CD59-4C96-AE73-315AB8CEB147}.Release|Any CPU.ActiveCfg = Release|Any CPU
		{6FFBC1CE-CD59-4C96-AE73-315AB8CEB147}.Release|Any CPU.Build.0 = Release|Any CPU
	EndGlobalSection
	GlobalSection(SolutionProperties) = preSolution
		HideSolutionNode = FALSE
	EndGlobalSection
EndGlobal
